// !$*UTF8*$!
{
	archiveVersion = 1;
	classes = {
	};
	objectVersion = 46;
	objects = {

/* Begin PBXBuildFile section */
		3EBE3B601C34F99600FBD50D /* AppDelegate.swift in Sources */ = {isa = PBXBuildFile; fileRef = 3EBE3B5F1C34F99600FBD50D /* AppDelegate.swift */; };
		3EBE3B621C34F99600FBD50D /* ViewController.swift in Sources */ = {isa = PBXBuildFile; fileRef = 3EBE3B611C34F99600FBD50D /* ViewController.swift */; };
		3EBE3B651C34F99600FBD50D /* Main.storyboard in Resources */ = {isa = PBXBuildFile; fileRef = 3EBE3B631C34F99600FBD50D /* Main.storyboard */; };
		3EBE3B671C34F99600FBD50D /* Assets.xcassets in Resources */ = {isa = PBXBuildFile; fileRef = 3EBE3B661C34F99600FBD50D /* Assets.xcassets */; };
		3EBE3B6A1C34F99600FBD50D /* LaunchScreen.storyboard in Resources */ = {isa = PBXBuildFile; fileRef = 3EBE3B681C34F99600FBD50D /* LaunchScreen.storyboard */; };
		3EBE3B721C34FB1B00FBD50D /* TableViewController.swift in Sources */ = {isa = PBXBuildFile; fileRef = 3EBE3B711C34FB1B00FBD50D /* TableViewController.swift */; };
		3EBE3B741C34FC2300FBD50D /* CoreLocation.framework in Frameworks */ = {isa = PBXBuildFile; fileRef = 3EBE3B731C34FC2300FBD50D /* CoreLocation.framework */; };
/* End PBXBuildFile section */

/* Begin PBXFileReference section */
		3EBE3B5C1C34F99600FBD50D /* Memorable Places.app */ = {isa = PBXFileReference; explicitFileType = wrapper.application; includeInIndex = 0; path = "Memorable Places.app"; sourceTree = BUILT_PRODUCTS_DIR; };
		3EBE3B5F1C34F99600FBD50D /* AppDelegate.swift */ = {isa = PBXFileReference; lastKnownFileType = sourcecode.swift; path = AppDelegate.swift; sourceTree = "<group>"; };
		3EBE3B611C34F99600FBD50D /* ViewController.swift */ = {isa = PBXFileReference; lastKnownFileType = sourcecode.swift; path = ViewController.swift; sourceTree = "<group>"; };
		3EBE3B641C34F99600FBD50D /* Base */ = {isa = PBXFileReference; lastKnownFileType = file.storyboard; name = Base; path = Base.lproj/Main.storyboard; sourceTree = "<group>"; };
		3EBE3B661C34F99600FBD50D /* Assets.xcassets */ = {isa = PBXFileReference; lastKnownFileType = folder.assetcatalog; path = Assets.xcassets; sourceTree = "<group>"; };
		3EBE3B691C34F99600FBD50D /* Base */ = {isa = PBXFileReference; lastKnownFileType = file.storyboard; name = Base; path = Base.lproj/LaunchScreen.storyboard; sourceTree = "<group>"; };
		3EBE3B6B1C34F99600FBD50D /* Info.plist */ = {isa = PBXFileReference; lastKnownFileType = text.plist.xml; path = Info.plist; sourceTree = "<group>"; };
		3EBE3B711C34FB1B00FBD50D /* TableViewController.swift */ = {isa = PBXFileReference; fileEncoding = 4; lastKnownFileType = sourcecode.swift; path = TableViewController.swift; sourceTree = "<group>"; };
		3EBE3B731C34FC2300FBD50D /* CoreLocation.framework */ = {isa = PBXFileReference; lastKnownFileType = wrapper.framework; name = CoreLocation.framework; path = System/Library/Frameworks/CoreLocation.framework; sourceTree = SDKROOT; };
/* End PBXFileReference section */

/* Begin PBXFrameworksBuildPhase section */
		3EBE3B591C34F99600FBD50D /* Frameworks */ = {
			isa = PBXFrameworksBuildPhase;
			buildActionMask = 2147483647;
			files = (
				3EBE3B741C34FC2300FBD50D /* CoreLocation.framework in Frameworks */,
			);
			runOnlyForDeploymentPostprocessing = 0;
		};
/* End PBXFrameworksBuildPhase section */

/* Begin PBXGroup section */
		3EBE3B531C34F99600FBD50D = {
			isa = PBXGroup;
			children = (
				3EBE3B731C34FC2300FBD50D /* CoreLocation.framework */,
				3EBE3B5E1C34F99600FBD50D /* Memorable Places */,
				3EBE3B5D1C34F99600FBD50D /* Products */,
			);
			sourceTree = "<group>";
		};
		3EBE3B5D1C34F99600FBD50D /* Products */ = {
			isa = PBXGroup;
			children = (
				3EBE3B5C1C34F99600FBD50D /* Memorable Places.app */,
			);
			name = Products;
			sourceTree = "<group>";
		};
		3EBE3B5E1C34F99600FBD50D /* Memorable Places */ = {
			isa = PBXGroup;
			children = (
				3EBE3B5F1C34F99600FBD50D /* AppDelegate.swift */,
				3EBE3B611C34F99600FBD50D /* ViewController.swift */,
				3EBE3B711C34FB1B00FBD50D /* TableViewController.swift */,
				3EBE3B631C34F99600FBD50D /* Main.storyboard */,
				3EBE3B661C34F99600FBD50D /* Assets.xcassets */,
				3EBE3B681C34F99600FBD50D /* LaunchScreen.storyboard */,
				3EBE3B6B1C34F99600FBD50D /* Info.plist */,
			);
			path = "Memorable Places";
			sourceTree = "<group>";
		};
/* End PBXGroup section */

/* Begin PBXNativeTarget section */
		3EBE3B5B1C34F99600FBD50D /* Memorable Places */ = {
			isa = PBXNativeTarget;
			buildConfigurationList = 3EBE3B6E1C34F99600FBD50D /* Build configuration list for PBXNativeTarget "Memorable Places" */;
			buildPhases = (
				3EBE3B581C34F99600FBD50D /* Sources */,
				3EBE3B591C34F99600FBD50D /* Frameworks */,
				3EBE3B5A1C34F99600FBD50D /* Resources */,
			);
			buildRules = (
			);
			dependencies = (
			);
			name = "Memorable Places";
			productName = "Memorable Places";
			productReference = 3EBE3B5C1C34F99600FBD50D /* Memorable Places.app */;
			productType = "com.apple.product-type.application";
		};
/* End PBXNativeTarget section */

/* Begin PBXProject section */
		3EBE3B541C34F99600FBD50D /* Project object */ = {
			isa = PBXProject;
			attributes = {
				LastSwiftUpdateCheck = 0720;
				LastUpgradeCheck = 0720;
				ORGANIZATIONNAME = "Sal Olivares";
				TargetAttributes = {
					3EBE3B5B1C34F99600FBD50D = {
						CreatedOnToolsVersion = 7.2;
						DevelopmentTeam = 397XK4DWTQ;
					};
				};
			};
			buildConfigurationList = 3EBE3B571C34F99600FBD50D /* Build configuration list for PBXProject "Memorable Places" */;
			compatibilityVersion = "Xcode 3.2";
			developmentRegion = English;
			hasScannedForEncodings = 0;
			knownRegions = (
				en,
				Base,
			);
			mainGroup = 3EBE3B531C34F99600FBD50D;
			productRefGroup = 3EBE3B5D1C34F99600FBD50D /* Products */;
			projectDirPath = "";
			projectRoot = "";
			targets = (
				3EBE3B5B1C34F99600FBD50D /* Memorable Places */,
			);
		};
/* End PBXProject section */

/* Begin PBXResourcesBuildPhase section */
		3EBE3B5A1C34F99600FBD50D /* Resources */ = {
			isa = PBXResourcesBuildPhase;
			buildActionMask = 2147483647;
			files = (
				3EBE3B6A1C34F99600FBD50D /* LaunchScreen.storyboard in Resources */,
				3EBE3B671C34F99600FBD50D /* Assets.xcassets in Resources */,
				3EBE3B651C34F99600FBD50D /* Main.storyboard in Resources */,
			);
			runOnlyForDeploymentPostprocessing = 0;
		};
/* End PBXResourcesBuildPhase section */

/* Begin PBXSourcesBuildPhase section */
		3EBE3B581C34F99600FBD50D /* Sources */ = {
			isa = PBXSourcesBuildPhase;
			buildActionMask = 2147483647;
			files = (
				3EBE3B621C34F99600FBD50D /* ViewController.swift in Sources */,
				3EBE3B721C34FB1B00FBD50D /* TableViewController.swift in Sources */,
				3EBE3B601C34F99600FBD50D /* AppDelegate.swift in Sources */,
			);
			runOnlyForDeploymentPostprocessing = 0;
		};
/* End PBXSourcesBuildPhase section */

/* Begin PBXVariantGroup section */
		3EBE3B631C34F99600FBD50D /* Main.storyboard */ = {
			isa = PBXVariantGroup;
			children = (
				3EBE3B641C34F99600FBD50D /* Base */,
			);
			name = Main.storyboard;
			sourceTree = "<group>";
		};
		3EBE3B681C34F99600FBD50D /* LaunchScreen.storyboard */ = {
			isa = PBXVariantGroup;
			children = (
				3EBE3B691C34F99600FBD50D /* Base */,
			);
			name = LaunchScreen.storyboard;
			sourceTree = "<group>";
		};
/* End PBXVariantGroup section */

/* Begin XCBuildConfiguration section */
		3EBE3B6C1C34F99600FBD50D /* Debug */ = {
			isa = XCBuildConfiguration;
			buildSettings = {
				ALWAYS_SEARCH_USER_PATHS = NO;
				CLANG_CXX_LANGUAGE_STANDARD = "gnu++0x";
				CLANG_CXX_LIBRARY = "libc++";
				CLANG_ENABLE_MODULES = YES;
				CLANG_ENABLE_OBJC_ARC = YES;
				CLANG_WARN_BOOL_CONVERSION = YES;
				CLANG_WARN_CONSTANT_CONVERSION = YES;
				CLANG_WARN_DIRECT_OBJC_ISA_USAGE = YES_ERROR;
				CLANG_WARN_EMPTY_BODY = YES;
				CLANG_WARN_ENUM_CONVERSION = YES;
				CLANG_WARN_INT_CONVERSION = YES;
				CLANG_WARN_OBJC_ROOT_CLASS = YES_ERROR;
				CLANG_WARN_UNREACHABLE_CODE = YES;
				CLANG_WARN__DUPLICATE_METHOD_MATCH = YES;
				"CODE_SIGN_IDENTITY[sdk=iphoneos*]" = "iPhone Developer";
				COPY_PHASE_STRIP = NO;
				DEBUG_INFORMATION_FORMAT = dwarf;
				ENABLE_STRICT_OBJC_MSGSEND = YES;
				ENABLE_TESTABILITY = YES;
				GCC_C_LANGUAGE_STANDARD = gnu99;
				GCC_DYNAMIC_NO_PIC = NO;
				GCC_NO_COMMON_BLOCKS = YES;
				GCC_OPTIMIZATION_LEVEL = 0;
				GCC_PREPROCESSOR_DEFINITIONS = (
					"DEBUG=1",
					"$(inherited)",
				);
				GCC_WARN_64_TO_32_BIT_CONVERSION = YES;
				GCC_WARN_ABOUT_RETURN_TYPE = YES_ERROR;
				GCC_WARN_UNDECLARED_SELECTOR = YES;
				GCC_WARN_UNINITIALIZED_AUTOS = YES_AGGRESSIVE;
				GCC_WARN_UNUSED_FUNCTION = YES;
				GCC_WARN_UNUSED_VARIABLE = YES;
				IPHONEOS_DEPLOYMENT_TARGET = 9.2;
				MTL_ENABLE_DEBUG_INFO = YES;
				ONLY_ACTIVE_ARCH = YES;
				SDKROOT = iphoneos;
				SWIFT_OPTIMIZATION_LEVEL = "-Onone";
			};
			name = Debug;
		};
		3EBE3B6D1C34F99600FBD50D /* Release */ = {
			isa = XCBuildConfiguration;
			buildSettings = {
				ALWAYS_SEARCH_USER_PATHS = NO;
				CLANG_CXX_LANGUAGE_STANDARD = "gnu++0x";
				CLANG_CXX_LIBRARY = "libc++";
				CLANG_ENABLE_MODULES = YES;
				CLANG_ENABLE_OBJC_ARC = YES;
				CLANG_WARN_BOOL_CONVERSION = YES;
				CLANG_WARN_CONSTANT_CONVERSION = YES;
				CLANG_WARN_DIRECT_OBJC_ISA_USAGE = YES_ERROR;
				CLANG_WARN_EMPTY_BODY = YES;
				CLANG_WARN_ENUM_CONVERSION = YES;
				CLANG_WARN_INT_CONVERSION = YES;
				CLANG_WARN_OBJC_ROOT_CLASS = YES_ERROR;
				CLANG_WARN_UNREACHABLE_CODE = YES;
				CLANG_WARN__DUPLICATE_METHOD_MATCH = YES;
				"CODE_SIGN_IDENTITY[sdk=iphoneos*]" = "iPhone Developer";
				COPY_PHASE_STRIP = NO;
				DEBUG_INFORMATION_FORMAT = "dwarf-with-dsym";
				ENABLE_NS_ASSERTIONS = NO;
				ENABLE_STRICT_OBJC_MSGSEND = YES;
				GCC_C_LANGUAGE_STANDARD = gnu99;
				GCC_NO_COMMON_BLOCKS = YES;
				GCC_WARN_64_TO_32_BIT_CONVERSION = YES;
				GCC_WARN_ABOUT_RETURN_TYPE = YES_ERROR;
				GCC_WARN_UNDECLARED_SELECTOR = YES;
				GCC_WARN_UNINITIALIZED_AUTOS = YES_AGGRESSIVE;
				GCC_WARN_UNUSED_FUNCTION = YES;
				GCC_WARN_UNUSED_VARIABLE = YES;
				IPHONEOS_DEPLOYMENT_TARGET = 9.2;
				MTL_ENABLE_DEBUG_INFO = NO;
				SDKROOT = iphoneos;
				VALIDATE_PRODUCT = YES;
			};
			name = Release;
		};
		3EBE3B6F1C34F99600FBD50D /* Debug */ = {
			isa = XCBuildConfiguration;
			buildSettings = {
				ASSETCATALOG_COMPILER_APPICON_NAME = AppIcon;
				INFOPLIST_FILE = "Memorable Places/Info.plist";
				LD_RUNPATH_SEARCH_PATHS = "$(inherited) @executable_path/Frameworks";
				PRODUCT_BUNDLE_IDENTIFIER = "com.salolivares.Memorable-Places";
				PRODUCT_NAME = "$(TARGET_NAME)";
			};
			name = Debug;
		};
		3EBE3B701C34F99600FBD50D /* Release */ = {
			isa = XCBuildConfiguration;
			buildSettings = {
				ASSETCATALOG_COMPILER_APPICON_NAME = AppIcon;
				INFOPLIST_FILE = "Memorable Places/Info.plist";
				LD_RUNPATH_SEARCH_PATHS = "$(inherited) @executable_path/Frameworks";
				PRODUCT_BUNDLE_IDENTIFIER = "com.salolivares.Memorable-Places";
				PRODUCT_NAME = "$(TARGET_NAME)";
			};
			name = Release;
		};
/* End XCBuildConfiguration section */

/* Begin XCConfigurationList section */
		3EBE3B571C34F99600FBD50D /* Build configuration list for PBXProject "Memorable Places" */ = {
			isa = XCConfigurationList;
			buildConfigurations = (
				3EBE3B6C1C34F99600FBD50D /* Debug */,
				3EBE3B6D1C34F99600FBD50D /* Release */,
			);
			defaultConfigurationIsVisible = 0;
			defaultConfigurationName = Release;
		};
		3EBE3B6E1C34F99600FBD50D /* Build configuration list for PBXNativeTarget "Memorable Places" */ = {
			isa = XCConfigurationList;
			buildConfigurations = (
				3EBE3B6F1C34F99600FBD50D /* Debug */,
				3EBE3B701C34F99600FBD50D /* Release */,
			);
			defaultConfigurationIsVisible = 0;
		};
/* End XCConfigurationList section */
	};
	rootObject = 3EBE3B541C34F99600FBD50D /* Project object */;
}
